{
    "_meta": {
        "hash": {
            "sha256": "4a680846f1fffba817fe0ad518fc3a06041052d8ce0c3cc8aff9a44a054fa2a7"
        },
        "requires": {},
        "sources": [
            {
                "url": "https://pypi.python.org/simple",
                "verify_ssl": true
            }
        ]
    },
    "default": {
        "certifi": {
            "version": "==2017.4.17"
        },
        "chardet": {
            "version": "==3.0.4"
        },
        "click": {
            "version": "==6.7"
        },
        "idna": {
            "version": "==2.5"
        },
        "logsymbols": {
            "version": "==0.1.0"
        },
        "requests": {
            "version": "==2.18.1"
        },
        "urllib3": {
            "version": "==1.21.1"
        }
    },
    "develop": {}
}
