{
    "_meta": {
        "hash": {
            "sha256": "8725e33b33a5c4c750e7f99cd62d22147809ac87c5dc44a95d4f43556c71907c"
        },
        "requires": {},
        "sources": [
            {
                "url": "https://pypi.python.org/simple",
                "verify_ssl": true
            }
        ]
    },
    "default": {
        "certifi": {
            "version": "==2017.4.17"
        },
        "chardet": {
            "version": "==3.0.4"
        },
        "click": {
            "version": "==6.7"
        },
        "delegator.py": {
            "version": "==0.0.12"
        },
        "idna": {
            "version": "==2.5"
        },
        "logsymbols": {
            "version": "==0.1.0"
        },
        "pexpect": {
            "version": "==4.2.1"
        },
        "ptyprocess": {
            "version": "==0.5.2"
        },
        "py": {
            "version": "==1.4.34"
        },
        "pytest": {
            "version": "==3.1.3"
        },
        "requests": {
            "version": "==2.18.1"
        },
        "setuptools": {
            "version": "==36.2.0"
        },
        "urllib3": {
            "version": "==1.21.1"
        }
    },
    "develop": {}
}
